
Microsoft Visual Studio Solution File, Format Version 12.00
# Visual Studio Version 17
VisualStudioVersion = 17.8.34511.84
MinimumVisualStudioVersion = 10.0.40219.1
Project("{FAE04EC0-301F-11D3-BF4B-00C04F79EFBC}") = "WebAPIDay1", "WebAPIDay1\WebAPIDay1.csproj", "{A35073D2-714B-4EE6-B850-9E0A2B7F56A7}"
EndProject
Global
	GlobalSection(SolutionConfigurationPlatforms) = preSolution
		Debug|Any CPU = Debug|Any CPU
		Release|Any CPU = Release|Any CPU
	EndGlobalSection
	GlobalSection(ProjectConfigurationPlatforms) = postSolution
		{A35073D2-714B-4EE6-B850-9E0A2B7F56A7}.Debug|Any CPU.ActiveCfg = Debug|Any CPU
		{A35073D2-714B-4EE6-B850-9E0A2B7F56A7}.Debug|Any CPU.Build.0 = Debug|Any CPU
		{A35073D2-714B-4EE6-B850-9E0A2B7F56A7}.Release|Any CPU.ActiveCfg = Release|Any CPU
		{A35073D2-714B-4EE6-B850-9E0A2B7F56A7}.Release|Any CPU.Build.0 = Release|Any CPU
	EndGlobalSection
	GlobalSection(SolutionProperties) = preSolution
		HideSolutionNode = FALSE
	EndGlobalSection
	GlobalSection(ExtensibilityGlobals) = postSolution
		SolutionGuid = {52FCA88A-FA1D-4B05-8B41-E5AED962FE61}
	EndGlobalSection
EndGlobal
